
Microsoft Visual Studio Solution File, Format Version 12.00
# Visual Studio Version 16
VisualStudioVersion = 16.0.31205.134
MinimumVisualStudioVersion = 10.0.40219.1
Project("{FAE04EC0-301F-11D3-BF4B-00C04F79EFBC}") = "PVacina0030482021009", "PVacina0030482021009.csproj", "{E4FE9B36-9A58-46AF-9550-FCD2915016A6}"
EndProject
Global
	GlobalSection(SolutionConfigurationPlatforms) = preSolution
		Debug|Any CPU = Debug|Any CPU
		Release|Any CPU = Release|Any CPU
	EndGlobalSection
	GlobalSection(ProjectConfigurationPlatforms) = postSolution
		{E4FE9B36-9A58-46AF-9550-FCD2915016A6}.Debug|Any CPU.ActiveCfg = Debug|Any CPU
		{E4FE9B36-9A58-46AF-9550-FCD2915016A6}.Debug|Any CPU.Build.0 = Debug|Any CPU
		{E4FE9B36-9A58-46AF-9550-FCD2915016A6}.Release|Any CPU.ActiveCfg = Release|Any CPU
		{E4FE9B36-9A58-46AF-9550-FCD2915016A6}.Release|Any CPU.Build.0 = Release|Any CPU
	EndGlobalSection
	GlobalSection(SolutionProperties) = preSolution
		HideSolutionNode = FALSE
	EndGlobalSection
	GlobalSection(ExtensibilityGlobals) = postSolution
		SolutionGuid = {9DBD666B-3449-437D-ADE5-C2C507516DE9}
	EndGlobalSection
EndGlobal
