
Microsoft Visual Studio Solution File, Format Version 12.00
# Visual Studio Version 16
VisualStudioVersion = 16.0.31105.61
MinimumVisualStudioVersion = 10.0.40219.1
Project("{FAE04EC0-301F-11D3-BF4B-00C04F79EFBC}") = "prjAtividade8", "prjAtividade8.csproj", "{C6ADBDEB-6E1D-4BA6-BDDC-12964E4904D3}"
EndProject
Global
	GlobalSection(SolutionConfigurationPlatforms) = preSolution
		Debug|Any CPU = Debug|Any CPU
		Release|Any CPU = Release|Any CPU
	EndGlobalSection
	GlobalSection(ProjectConfigurationPlatforms) = postSolution
		{C6ADBDEB-6E1D-4BA6-BDDC-12964E4904D3}.Debug|Any CPU.ActiveCfg = Debug|Any CPU
		{C6ADBDEB-6E1D-4BA6-BDDC-12964E4904D3}.Debug|Any CPU.Build.0 = Debug|Any CPU
		{C6ADBDEB-6E1D-4BA6-BDDC-12964E4904D3}.Release|Any CPU.ActiveCfg = Release|Any CPU
		{C6ADBDEB-6E1D-4BA6-BDDC-12964E4904D3}.Release|Any CPU.Build.0 = Release|Any CPU
	EndGlobalSection
	GlobalSection(SolutionProperties) = preSolution
		HideSolutionNode = FALSE
	EndGlobalSection
	GlobalSection(ExtensibilityGlobals) = postSolution
		SolutionGuid = {183FC06D-65D0-440F-A95D-D18CDC07CC10}
	EndGlobalSection
EndGlobal
