
Microsoft Visual Studio Solution File, Format Version 12.00
# Visual Studio Version 16
VisualStudioVersion = 16.0.31005.135
MinimumVisualStudioVersion = 10.0.40219.1
Project("{FAE04EC0-301F-11D3-BF4B-00C04F79EFBC}") = "PCalculadora", "PCalculadora.csproj", "{03C36643-4A6C-434B-AA42-CB683F1C4975}"
EndProject
Global
	GlobalSection(SolutionConfigurationPlatforms) = preSolution
		Debug|Any CPU = Debug|Any CPU
		Release|Any CPU = Release|Any CPU
	EndGlobalSection
	GlobalSection(ProjectConfigurationPlatforms) = postSolution
		{03C36643-4A6C-434B-AA42-CB683F1C4975}.Debug|Any CPU.ActiveCfg = Debug|Any CPU
		{03C36643-4A6C-434B-AA42-CB683F1C4975}.Debug|Any CPU.Build.0 = Debug|Any CPU
		{03C36643-4A6C-434B-AA42-CB683F1C4975}.Release|Any CPU.ActiveCfg = Release|Any CPU
		{03C36643-4A6C-434B-AA42-CB683F1C4975}.Release|Any CPU.Build.0 = Release|Any CPU
	EndGlobalSection
	GlobalSection(SolutionProperties) = preSolution
		HideSolutionNode = FALSE
	EndGlobalSection
	GlobalSection(ExtensibilityGlobals) = postSolution
		SolutionGuid = {1496B109-1EBB-4DBB-9F18-F1C2C48B1405}
	EndGlobalSection
EndGlobal
